
Microsoft Visual Studio Solution File, Format Version 12.00
# Visual Studio Version 16
VisualStudioVersion = 16.0.30011.22
MinimumVisualStudioVersion = 10.0.40219.1
Project("{FAE04EC0-301F-11D3-BF4B-00C04F79EFBC}") = "JCO Pivot Points Midnight NY", "JCO Pivot Points Midnight NY\JCO Pivot Points Midnight NY.csproj", "{09384a62-d71a-4276-8994-e3c2cd1e21e6}"
EndProject
Global
	GlobalSection(SolutionConfigurationPlatforms) = preSolution
		Debug|Any CPU = Debug|Any CPU
		Release|Any CPU = Release|Any CPU
	EndGlobalSection
	GlobalSection(ProjectConfigurationPlatforms) = postSolution
		{09384a62-d71a-4276-8994-e3c2cd1e21e6}.Debug|Any CPU.ActiveCfg = Debug|Any CPU
		{09384a62-d71a-4276-8994-e3c2cd1e21e6}.Debug|Any CPU.Build.0 = Debug|Any CPU
		{09384a62-d71a-4276-8994-e3c2cd1e21e6}.Release|Any CPU.ActiveCfg = Release|Any CPU
		{09384a62-d71a-4276-8994-e3c2cd1e21e6}.Release|Any CPU.Build.0 = Release|Any CPU
	EndGlobalSection
	GlobalSection(SolutionProperties) = preSolution
		HideSolutionNode = FALSE
	EndGlobalSection
EndGlobal
